
Microsoft Visual Studio Solution File, Format Version 11.00
# Visual Studio 2010
Project("{FAE04EC0-301F-11D3-BF4B-00C04F79EFBC}") = "Solar.Car", "SolarCar\Solar.Car.csproj", "{D9083BF5-0E20-4421-A288-4ACD975655B1}"
EndProject
Project("{FAE04EC0-301F-11D3-BF4B-00C04F79EFBC}") = "Solar.Laptop", "BaseStation\Solar.Laptop.csproj", "{B69A2B22-4A12-48CB-B4F4-78A6C69067ED}"
EndProject
Project("{FAE04EC0-301F-11D3-BF4B-00C04F79EFBC}") = "Solar.Car.Console", "SolarCar.Console\Solar.Car.Console.csproj", "{05576BBF-F309-42B1-851F-EE09F8462194}"
EndProject
Project("{FAE04EC0-301F-11D3-BF4B-00C04F79EFBC}") = "Solar.Car.Android", "Solar.Car.Android\Solar.Car.Android.csproj", "{C846C080-DC0F-48DF-BE24-9EDF3A090D4F}"
EndProject
Global
	GlobalSection(SolutionConfigurationPlatforms) = preSolution
		Debug|x86 = Debug|x86
		Release|x86 = Release|x86
	EndGlobalSection
	GlobalSection(ProjectConfigurationPlatforms) = postSolution
		{05576BBF-F309-42B1-851F-EE09F8462194}.Debug|x86.ActiveCfg = Debug|x86
		{05576BBF-F309-42B1-851F-EE09F8462194}.Debug|x86.Build.0 = Debug|x86
		{05576BBF-F309-42B1-851F-EE09F8462194}.Release|x86.ActiveCfg = Release|x86
		{05576BBF-F309-42B1-851F-EE09F8462194}.Release|x86.Build.0 = Release|x86
		{B69A2B22-4A12-48CB-B4F4-78A6C69067ED}.Debug|x86.ActiveCfg = Debug|x86
		{B69A2B22-4A12-48CB-B4F4-78A6C69067ED}.Debug|x86.Build.0 = Debug|x86
		{B69A2B22-4A12-48CB-B4F4-78A6C69067ED}.Release|x86.ActiveCfg = Release|x86
		{B69A2B22-4A12-48CB-B4F4-78A6C69067ED}.Release|x86.Build.0 = Release|x86
		{C846C080-DC0F-48DF-BE24-9EDF3A090D4F}.Debug|x86.ActiveCfg = Debug|Any CPU
		{C846C080-DC0F-48DF-BE24-9EDF3A090D4F}.Debug|x86.Build.0 = Debug|Any CPU
		{C846C080-DC0F-48DF-BE24-9EDF3A090D4F}.Release|x86.ActiveCfg = Release|Any CPU
		{C846C080-DC0F-48DF-BE24-9EDF3A090D4F}.Release|x86.Build.0 = Release|Any CPU
		{D9083BF5-0E20-4421-A288-4ACD975655B1}.Debug|x86.ActiveCfg = Debug|x86
		{D9083BF5-0E20-4421-A288-4ACD975655B1}.Debug|x86.Build.0 = Debug|x86
		{D9083BF5-0E20-4421-A288-4ACD975655B1}.Release|x86.ActiveCfg = Release|x86
		{D9083BF5-0E20-4421-A288-4ACD975655B1}.Release|x86.Build.0 = Release|x86
	EndGlobalSection
	GlobalSection(MonoDevelopProperties) = preSolution
		StartupItem = SolarCar\Solar.Car.csproj
		Policies = $0
		$0.TextStylePolicy = $1
		$1.TabsToSpaces = False
		$1.inheritsSet = VisualStudio
		$1.inheritsScope = text/plain
		$1.scope = text/x-csharp
		$0.CSharpFormattingPolicy = $2
		$2.IndentSwitchBody = True
		$2.IndentPreprocessorDirectives = False
		$2.AnonymousMethodBraceStyle = NextLine
		$2.PropertyBraceStyle = NextLine
		$2.PropertyGetBraceStyle = NextLine
		$2.PropertySetBraceStyle = NextLine
		$2.EventBraceStyle = NextLine
		$2.EventAddBraceStyle = NextLine
		$2.EventRemoveBraceStyle = NextLine
		$2.StatementBraceStyle = NextLine
		$2.ElseNewLinePlacement = NewLine
		$2.CatchNewLinePlacement = NewLine
		$2.FinallyNewLinePlacement = NewLine
		$2.WhileNewLinePlacement = DoNotCare
		$2.ArrayInitializerWrapping = DoNotChange
		$2.ArrayInitializerBraceStyle = NextLine
		$2.BeforeMethodDeclarationParentheses = False
		$2.BeforeMethodCallParentheses = False
		$2.BeforeConstructorDeclarationParentheses = False
		$2.BeforeDelegateDeclarationParentheses = False
		$2.NewParentheses = False
		$2.SpacesBeforeBrackets = False
		$2.inheritsSet = Mono
		$2.inheritsScope = text/x-csharp
		$2.scope = text/x-csharp
	EndGlobalSection
EndGlobal
